
Microsoft Visual Studio Solution File, Format Version 12.00
# Visual Studio Version 17
VisualStudioVersion = 17.3.32825.248
MinimumVisualStudioVersion = 10.0.40219.1
Project("{8BC9CEB8-8B4A-11D0-8D11-00A0C91BC942}") = "Diablo Project Test", "Diablo Project Test.vcxproj", "{20743C4D-1FFA-4853-945E-BE8E4083ED69}"
EndProject
Global
	GlobalSection(SolutionConfigurationPlatforms) = preSolution
		Debug|x64 = Debug|x64
		Debug|x86 = Debug|x86
		Release|x64 = Release|x64
		Release|x86 = Release|x86
	EndGlobalSection
	GlobalSection(ProjectConfigurationPlatforms) = postSolution
		{20743C4D-1FFA-4853-945E-BE8E4083ED69}.Debug|x64.ActiveCfg = Debug|x64
		{20743C4D-1FFA-4853-945E-BE8E4083ED69}.Debug|x64.Build.0 = Debug|x64
		{20743C4D-1FFA-4853-945E-BE8E4083ED69}.Debug|x86.ActiveCfg = Debug|Win32
		{20743C4D-1FFA-4853-945E-BE8E4083ED69}.Debug|x86.Build.0 = Debug|Win32
		{20743C4D-1FFA-4853-945E-BE8E4083ED69}.Release|x64.ActiveCfg = Release|x64
		{20743C4D-1FFA-4853-945E-BE8E4083ED69}.Release|x64.Build.0 = Release|x64
		{20743C4D-1FFA-4853-945E-BE8E4083ED69}.Release|x86.ActiveCfg = Release|Win32
		{20743C4D-1FFA-4853-945E-BE8E4083ED69}.Release|x86.Build.0 = Release|Win32
	EndGlobalSection
	GlobalSection(SolutionProperties) = preSolution
		HideSolutionNode = FALSE
	EndGlobalSection
	GlobalSection(ExtensibilityGlobals) = postSolution
		SolutionGuid = {B72DC929-D736-45E7-9A36-998163D04FCE}
	EndGlobalSection
EndGlobal
